
Microsoft Visual Studio Solution File, Format Version 12.00
# Visual Studio 15
VisualStudioVersion = 15.0.28307.421
MinimumVisualStudioVersion = 10.0.40219.1
Project("{FAE04EC0-301F-11D3-BF4B-00C04F79EFBC}") = "WindowsFormsUI", "WindowsFormsUI\WindowsFormsUI.csproj", "{FDD98209-42C8-4D7C-8285-9D4F6E1336D3}"
EndProject
Global
	GlobalSection(SolutionConfigurationPlatforms) = preSolution
		Debug|Any CPU = Debug|Any CPU
		Release|Any CPU = Release|Any CPU
	EndGlobalSection
	GlobalSection(ProjectConfigurationPlatforms) = postSolution
		{FDD98209-42C8-4D7C-8285-9D4F6E1336D3}.Debug|Any CPU.ActiveCfg = Debug|Any CPU
		{FDD98209-42C8-4D7C-8285-9D4F6E1336D3}.Debug|Any CPU.Build.0 = Debug|Any CPU
		{FDD98209-42C8-4D7C-8285-9D4F6E1336D3}.Release|Any CPU.ActiveCfg = Release|Any CPU
		{FDD98209-42C8-4D7C-8285-9D4F6E1336D3}.Release|Any CPU.Build.0 = Release|Any CPU
	EndGlobalSection
	GlobalSection(SolutionProperties) = preSolution
		HideSolutionNode = FALSE
	EndGlobalSection
	GlobalSection(ExtensibilityGlobals) = postSolution
		SolutionGuid = {E5AC6ACF-0CBD-4287-96CE-08BBA492EAEE}
	EndGlobalSection
EndGlobal
